
Microsoft Visual Studio Solution File, Format Version 12.00
# Visual Studio Version 17
VisualStudioVersion = 17.0.31903.59
MinimumVisualStudioVersion = 10.0.40219.1
Project("{2150E333-8FDC-42A3-9474-1A3956D46DE8}") = "src", "src", "{827E0CD3-B72D-47B6-A68D-7590B98EB39B}"
EndProject
Project("{FAE04EC0-301F-11D3-BF4B-00C04F79EFBC}") = "Andy.Mcp.Gateway", "src\Andy.Mcp.Gateway\Andy.Mcp.Gateway.csproj", "{EE00D567-904D-43E7-AFD9-D28EC2013926}"
EndProject
Project("{2150E333-8FDC-42A3-9474-1A3956D46DE8}") = "tests", "tests", "{0AB3BF05-4346-4AA6-1389-037BE0695223}"
EndProject
Project("{FAE04EC0-301F-11D3-BF4B-00C04F79EFBC}") = "Andy.Mcp.Gateway.Tests", "tests\Andy.Mcp.Gateway.Tests\Andy.Mcp.Gateway.Tests.csproj", "{89AE127A-2F95-4E06-82C1-DCF7E347EC13}"
EndProject
Project("{2150E333-8FDC-42A3-9474-1A3956D46DE8}") = "examples", "examples", "{9D827F16-0C0D-4D07-E8AD-E58D14E652F4}"
EndProject
Project("{FAE04EC0-301F-11D3-BF4B-00C04F79EFBC}") = "Andy.Mcp.Gateway.Examples", "examples\Andy.Mcp.Gateway.Examples\Andy.Tools.Research.Examples.csproj", "{310E9DD0-BFED-4BE1-B71B-30B294C6685A}"
EndProject
Global
	GlobalSection(SolutionConfigurationPlatforms) = preSolution
		Debug|Any CPU = Debug|Any CPU
		Release|Any CPU = Release|Any CPU
	EndGlobalSection
	GlobalSection(ProjectConfigurationPlatforms) = postSolution
		{EE00D567-904D-43E7-AFD9-D28EC2013926}.Debug|Any CPU.ActiveCfg = Debug|Any CPU
		{EE00D567-904D-43E7-AFD9-D28EC2013926}.Debug|Any CPU.Build.0 = Debug|Any CPU
		{EE00D567-904D-43E7-AFD9-D28EC2013926}.Release|Any CPU.ActiveCfg = Release|Any CPU
		{EE00D567-904D-43E7-AFD9-D28EC2013926}.Release|Any CPU.Build.0 = Release|Any CPU
		{89AE127A-2F95-4E06-82C1-DCF7E347EC13}.Debug|Any CPU.ActiveCfg = Debug|Any CPU
		{89AE127A-2F95-4E06-82C1-DCF7E347EC13}.Debug|Any CPU.Build.0 = Debug|Any CPU
		{89AE127A-2F95-4E06-82C1-DCF7E347EC13}.Release|Any CPU.ActiveCfg = Release|Any CPU
		{89AE127A-2F95-4E06-82C1-DCF7E347EC13}.Release|Any CPU.Build.0 = Release|Any CPU
		{310E9DD0-BFED-4BE1-B71B-30B294C6685A}.Debug|Any CPU.ActiveCfg = Debug|Any CPU
		{310E9DD0-BFED-4BE1-B71B-30B294C6685A}.Debug|Any CPU.Build.0 = Debug|Any CPU
		{310E9DD0-BFED-4BE1-B71B-30B294C6685A}.Release|Any CPU.ActiveCfg = Release|Any CPU
		{310E9DD0-BFED-4BE1-B71B-30B294C6685A}.Release|Any CPU.Build.0 = Release|Any CPU
	EndGlobalSection
	GlobalSection(SolutionProperties) = preSolution
		HideSolutionNode = FALSE
	EndGlobalSection
	GlobalSection(NestedProjects) = preSolution
		{EE00D567-904D-43E7-AFD9-D28EC2013926} = {827E0CD3-B72D-47B6-A68D-7590B98EB39B}
		{89AE127A-2F95-4E06-82C1-DCF7E347EC13} = {0AB3BF05-4346-4AA6-1389-037BE0695223}
		{310E9DD0-BFED-4BE1-B71B-30B294C6685A} = {9D827F16-0C0D-4D07-E8AD-E58D14E652F4}
	EndGlobalSection
EndGlobal
